
Microsoft Visual Studio Solution File, Format Version 12.00
# Visual Studio Version 17
VisualStudioVersion = 17.1.32210.238
MinimumVisualStudioVersion = 10.0.40219.1
Project("{FAE04EC0-301F-11D3-BF4B-00C04F79EFBC}") = "DistanceCalc", "DistanceCalc.csproj", "{9AE5AC53-3386-4FD5-83EE-389CE2C6D00F}"
EndProject
Global
	GlobalSection(SolutionConfigurationPlatforms) = preSolution
		Debug|Any CPU = Debug|Any CPU
		Release|Any CPU = Release|Any CPU
	EndGlobalSection
	GlobalSection(ProjectConfigurationPlatforms) = postSolution
		{9AE5AC53-3386-4FD5-83EE-389CE2C6D00F}.Debug|Any CPU.ActiveCfg = Debug|Any CPU
		{9AE5AC53-3386-4FD5-83EE-389CE2C6D00F}.Debug|Any CPU.Build.0 = Debug|Any CPU
		{9AE5AC53-3386-4FD5-83EE-389CE2C6D00F}.Release|Any CPU.ActiveCfg = Release|Any CPU
		{9AE5AC53-3386-4FD5-83EE-389CE2C6D00F}.Release|Any CPU.Build.0 = Release|Any CPU
	EndGlobalSection
	GlobalSection(SolutionProperties) = preSolution
		HideSolutionNode = FALSE
	EndGlobalSection
	GlobalSection(ExtensibilityGlobals) = postSolution
		SolutionGuid = {E54D26A3-CE13-4C70-8DCD-71647C713E67}
	EndGlobalSection
EndGlobal
