
Microsoft Visual Studio Solution File, Format Version 12.00
# Visual Studio Version 17
VisualStudioVersion = 17.1.32210.238
MinimumVisualStudioVersion = 10.0.40219.1
Project("{FAE04EC0-301F-11D3-BF4B-00C04F79EFBC}") = "InvestmentCalc", "InvestmentCalc.csproj", "{EA8D0C83-D222-444B-B4C1-ECF581972C73}"
EndProject
Global
	GlobalSection(SolutionConfigurationPlatforms) = preSolution
		Debug|Any CPU = Debug|Any CPU
		Release|Any CPU = Release|Any CPU
	EndGlobalSection
	GlobalSection(ProjectConfigurationPlatforms) = postSolution
		{EA8D0C83-D222-444B-B4C1-ECF581972C73}.Debug|Any CPU.ActiveCfg = Debug|Any CPU
		{EA8D0C83-D222-444B-B4C1-ECF581972C73}.Debug|Any CPU.Build.0 = Debug|Any CPU
		{EA8D0C83-D222-444B-B4C1-ECF581972C73}.Release|Any CPU.ActiveCfg = Release|Any CPU
		{EA8D0C83-D222-444B-B4C1-ECF581972C73}.Release|Any CPU.Build.0 = Release|Any CPU
	EndGlobalSection
	GlobalSection(SolutionProperties) = preSolution
		HideSolutionNode = FALSE
	EndGlobalSection
	GlobalSection(ExtensibilityGlobals) = postSolution
		SolutionGuid = {E2C58D04-31BA-4FA2-BC4B-E157ADBB2EEE}
	EndGlobalSection
EndGlobal
